
Microsoft Visual Studio Solution File, Format Version 12.00
# Visual Studio Version 17
VisualStudioVersion = 17.5.002.0
MinimumVisualStudioVersion = 10.0.40219.1
Project("{9A19103F-16F7-4668-BE54-9A1E7A4F7556}") = "dmart", "dmart.csproj", "{09D37020-C270-4942-AF8F-AAA17E5FF2CD}"
EndProject
Global
	GlobalSection(SolutionConfigurationPlatforms) = preSolution
		Debug|Any CPU = Debug|Any CPU
		Release|Any CPU = Release|Any CPU
	EndGlobalSection
	GlobalSection(ProjectConfigurationPlatforms) = postSolution
		{09D37020-C270-4942-AF8F-AAA17E5FF2CD}.Debug|Any CPU.ActiveCfg = Debug|Any CPU
		{09D37020-C270-4942-AF8F-AAA17E5FF2CD}.Debug|Any CPU.Build.0 = Debug|Any CPU
		{09D37020-C270-4942-AF8F-AAA17E5FF2CD}.Release|Any CPU.ActiveCfg = Release|Any CPU
		{09D37020-C270-4942-AF8F-AAA17E5FF2CD}.Release|Any CPU.Build.0 = Release|Any CPU
	EndGlobalSection
	GlobalSection(SolutionProperties) = preSolution
		HideSolutionNode = FALSE
	EndGlobalSection
	GlobalSection(ExtensibilityGlobals) = postSolution
		SolutionGuid = {C7405158-A1EF-4F26-8F3C-462039AA3F04}
	EndGlobalSection
EndGlobal
